
Microsoft Visual Studio Solution File, Format Version 12.00
# Visual Studio Version 17
VisualStudioVersion = 17.3.32901.215
MinimumVisualStudioVersion = 10.0.40219.1
Project("{FAE04EC0-301F-11D3-BF4B-00C04F79EFBC}") = "LocacaoCarros", "LocacaoCarros.csproj", "{79AE79C8-84B7-4785-8086-2B86030B087D}"
EndProject
Global
	GlobalSection(SolutionConfigurationPlatforms) = preSolution
		Debug|Any CPU = Debug|Any CPU
		Release|Any CPU = Release|Any CPU
	EndGlobalSection
	GlobalSection(ProjectConfigurationPlatforms) = postSolution
		{79AE79C8-84B7-4785-8086-2B86030B087D}.Debug|Any CPU.ActiveCfg = Debug|Any CPU
		{79AE79C8-84B7-4785-8086-2B86030B087D}.Debug|Any CPU.Build.0 = Debug|Any CPU
		{79AE79C8-84B7-4785-8086-2B86030B087D}.Release|Any CPU.ActiveCfg = Release|Any CPU
		{79AE79C8-84B7-4785-8086-2B86030B087D}.Release|Any CPU.Build.0 = Release|Any CPU
	EndGlobalSection
	GlobalSection(SolutionProperties) = preSolution
		HideSolutionNode = FALSE
	EndGlobalSection
	GlobalSection(ExtensibilityGlobals) = postSolution
		SolutionGuid = {C14A2027-FDBB-4BC2-AD8C-7E063709EF92}
	EndGlobalSection
EndGlobal
